// !$*UTF8*$!
{
	archiveVersion = 1;
	classes = {
	};
	objectVersion = 46;
	objects = {

/* Begin PBXBuildFile section */
		864A9A8F1DD85D33000AA3AE /* AppDelegate.swift in Sources */ = {isa = PBXBuildFile; fileRef = 864A9A8E1DD85D33000AA3AE /* AppDelegate.swift */; };
		864A9A911DD85D33000AA3AE /* ViewController.swift in Sources */ = {isa = PBXBuildFile; fileRef = 864A9A901DD85D33000AA3AE /* ViewController.swift */; };
		864A9A941DD85D34000AA3AE /* Main.storyboard in Resources */ = {isa = PBXBuildFile; fileRef = 864A9A921DD85D34000AA3AE /* Main.storyboard */; };
		864A9A961DD85D34000AA3AE /* Assets.xcassets in Resources */ = {isa = PBXBuildFile; fileRef = 864A9A951DD85D34000AA3AE /* Assets.xcassets */; };
		864A9A991DD85D34000AA3AE /* LaunchScreen.storyboard in Resources */ = {isa = PBXBuildFile; fileRef = 864A9A971DD85D34000AA3AE /* LaunchScreen.storyboard */; };
		864A9AA11DD85F55000AA3AE /* TipViewController.swift in Sources */ = {isa = PBXBuildFile; fileRef = 864A9AA01DD85F55000AA3AE /* TipViewController.swift */; };
		864A9AA31DD87637000AA3AE /* JobViewController.swift in Sources */ = {isa = PBXBuildFile; fileRef = 864A9AA21DD87637000AA3AE /* JobViewController.swift */; };
/* End PBXBuildFile section */

/* Begin PBXFileReference section */
		864A9A8B1DD85D33000AA3AE /* 006hw.app */ = {isa = PBXFileReference; explicitFileType = wrapper.application; includeInIndex = 0; path = 006hw.app; sourceTree = BUILT_PRODUCTS_DIR; };
		864A9A8E1DD85D33000AA3AE /* AppDelegate.swift */ = {isa = PBXFileReference; lastKnownFileType = sourcecode.swift; path = AppDelegate.swift; sourceTree = "<group>"; };
		864A9A901DD85D33000AA3AE /* ViewController.swift */ = {isa = PBXFileReference; lastKnownFileType = sourcecode.swift; path = ViewController.swift; sourceTree = "<group>"; };
		864A9A931DD85D34000AA3AE /* Base */ = {isa = PBXFileReference; lastKnownFileType = file.storyboard; name = Base; path = Base.lproj/Main.storyboard; sourceTree = "<group>"; };
		864A9A951DD85D34000AA3AE /* Assets.xcassets */ = {isa = PBXFileReference; lastKnownFileType = folder.assetcatalog; path = Assets.xcassets; sourceTree = "<group>"; };
		864A9A981DD85D34000AA3AE /* Base */ = {isa = PBXFileReference; lastKnownFileType = file.storyboard; name = Base; path = Base.lproj/LaunchScreen.storyboard; sourceTree = "<group>"; };
		864A9A9A1DD85D34000AA3AE /* Info.plist */ = {isa = PBXFileReference; lastKnownFileType = text.plist.xml; path = Info.plist; sourceTree = "<group>"; };
		864A9AA01DD85F55000AA3AE /* TipViewController.swift */ = {isa = PBXFileReference; fileEncoding = 4; lastKnownFileType = sourcecode.swift; path = TipViewController.swift; sourceTree = "<group>"; };
		864A9AA21DD87637000AA3AE /* JobViewController.swift */ = {isa = PBXFileReference; fileEncoding = 4; lastKnownFileType = sourcecode.swift; path = JobViewController.swift; sourceTree = "<group>"; };
/* End PBXFileReference section */

/* Begin PBXFrameworksBuildPhase section */
		864A9A881DD85D33000AA3AE /* Frameworks */ = {
			isa = PBXFrameworksBuildPhase;
			buildActionMask = 2147483647;
			files = (
			);
			runOnlyForDeploymentPostprocessing = 0;
		};
/* End PBXFrameworksBuildPhase section */

/* Begin PBXGroup section */
		864A9A821DD85D33000AA3AE = {
			isa = PBXGroup;
			children = (
				864A9A8D1DD85D33000AA3AE /* 006hw */,
				864A9A8C1DD85D33000AA3AE /* Products */,
			);
			sourceTree = "<group>";
		};
		864A9A8C1DD85D33000AA3AE /* Products */ = {
			isa = PBXGroup;
			children = (
				864A9A8B1DD85D33000AA3AE /* 006hw.app */,
			);
			name = Products;
			sourceTree = "<group>";
		};
		864A9A8D1DD85D33000AA3AE /* 006hw */ = {
			isa = PBXGroup;
			children = (
				864A9A8E1DD85D33000AA3AE /* AppDelegate.swift */,
				864A9A901DD85D33000AA3AE /* ViewController.swift */,
				864A9A921DD85D34000AA3AE /* Main.storyboard */,
				864A9AA21DD87637000AA3AE /* JobViewController.swift */,
				864A9AA01DD85F55000AA3AE /* TipViewController.swift */,
				864A9A951DD85D34000AA3AE /* Assets.xcassets */,
				864A9A971DD85D34000AA3AE /* LaunchScreen.storyboard */,
				864A9A9A1DD85D34000AA3AE /* Info.plist */,
			);
			path = 006hw;
			sourceTree = "<group>";
		};
/* End PBXGroup section */

/* Begin PBXNativeTarget section */
		864A9A8A1DD85D33000AA3AE /* 006hw */ = {
			isa = PBXNativeTarget;
			buildConfigurationList = 864A9A9D1DD85D34000AA3AE /* Build configuration list for PBXNativeTarget "006hw" */;
			buildPhases = (
				864A9A871DD85D33000AA3AE /* Sources */,
				864A9A881DD85D33000AA3AE /* Frameworks */,
				864A9A891DD85D33000AA3AE /* Resources */,
			);
			buildRules = (
			);
			dependencies = (
			);
			name = 006hw;
			productName = 006hw;
			productReference = 864A9A8B1DD85D33000AA3AE /* 006hw.app */;
			productType = "com.apple.product-type.application";
		};
/* End PBXNativeTarget section */

/* Begin PBXProject section */
		864A9A831DD85D33000AA3AE /* Project object */ = {
			isa = PBXProject;
			attributes = {
				LastSwiftUpdateCheck = 0810;
				LastUpgradeCheck = 0810;
				ORGANIZATIONNAME = Debby;
				TargetAttributes = {
					864A9A8A1DD85D33000AA3AE = {
						CreatedOnToolsVersion = 8.1;
						DevelopmentTeam = T6R8R4PYP8;
						ProvisioningStyle = Automatic;
					};
				};
			};
			buildConfigurationList = 864A9A861DD85D33000AA3AE /* Build configuration list for PBXProject "006hw" */;
			compatibilityVersion = "Xcode 3.2";
			developmentRegion = English;
			hasScannedForEncodings = 0;
			knownRegions = (
				en,
				Base,
			);
			mainGroup = 864A9A821DD85D33000AA3AE;
			productRefGroup = 864A9A8C1DD85D33000AA3AE /* Products */;
			projectDirPath = "";
			projectRoot = "";
			targets = (
				864A9A8A1DD85D33000AA3AE /* 006hw */,
			);
		};
/* End PBXProject section */

/* Begin PBXResourcesBuildPhase section */
		864A9A891DD85D33000AA3AE /* Resources */ = {
			isa = PBXResourcesBuildPhase;
			buildActionMask = 2147483647;
			files = (
				864A9A991DD85D34000AA3AE /* LaunchScreen.storyboard in Resources */,
				864A9A961DD85D34000AA3AE /* Assets.xcassets in Resources */,
				864A9A941DD85D34000AA3AE /* Main.storyboard in Resources */,
			);
			runOnlyForDeploymentPostprocessing = 0;
		};
/* End PBXResourcesBuildPhase section */

/* Begin PBXSourcesBuildPhase section */
		864A9A871DD85D33000AA3AE /* Sources */ = {
			isa = PBXSourcesBuildPhase;
			buildActionMask = 2147483647;
			files = (
				864A9AA31DD87637000AA3AE /* JobViewController.swift in Sources */,
				864A9A911DD85D33000AA3AE /* ViewController.swift in Sources */,
				864A9AA11DD85F55000AA3AE /* TipViewController.swift in Sources */,
				864A9A8F1DD85D33000AA3AE /* AppDelegate.swift in Sources */,
			);
			runOnlyForDeploymentPostprocessing = 0;
		};
/* End PBXSourcesBuildPhase section */

/* Begin PBXVariantGroup section */
		864A9A921DD85D34000AA3AE /* Main.storyboard */ = {
			isa = PBXVariantGroup;
			children = (
				864A9A931DD85D34000AA3AE /* Base */,
			);
			name = Main.storyboard;
			sourceTree = "<group>";
		};
		864A9A971DD85D34000AA3AE /* LaunchScreen.storyboard */ = {
			isa = PBXVariantGroup;
			children = (
				864A9A981DD85D34000AA3AE /* Base */,
			);
			name = LaunchScreen.storyboard;
			sourceTree = "<group>";
		};
/* End PBXVariantGroup section */

/* Begin XCBuildConfiguration section */
		864A9A9B1DD85D34000AA3AE /* Debug */ = {
			isa = XCBuildConfiguration;
			buildSettings = {
				ALWAYS_SEARCH_USER_PATHS = NO;
				CLANG_ANALYZER_NONNULL = YES;
				CLANG_CXX_LANGUAGE_STANDARD = "gnu++0x";
				CLANG_CXX_LIBRARY = "libc++";
				CLANG_ENABLE_MODULES = YES;
				CLANG_ENABLE_OBJC_ARC = YES;
				CLANG_WARN_BOOL_CONVERSION = YES;
				CLANG_WARN_CONSTANT_CONVERSION = YES;
				CLANG_WARN_DIRECT_OBJC_ISA_USAGE = YES_ERROR;
				CLANG_WARN_DOCUMENTATION_COMMENTS = YES;
				CLANG_WARN_EMPTY_BODY = YES;
				CLANG_WARN_ENUM_CONVERSION = YES;
				CLANG_WARN_INFINITE_RECURSION = YES;
				CLANG_WARN_INT_CONVERSION = YES;
				CLANG_WARN_OBJC_ROOT_CLASS = YES_ERROR;
				CLANG_WARN_SUSPICIOUS_MOVES = YES;
				CLANG_WARN_UNREACHABLE_CODE = YES;
				CLANG_WARN__DUPLICATE_METHOD_MATCH = YES;
				"CODE_SIGN_IDENTITY[sdk=iphoneos*]" = "iPhone Developer";
				COPY_PHASE_STRIP = NO;
				DEBUG_INFORMATION_FORMAT = dwarf;
				ENABLE_STRICT_OBJC_MSGSEND = YES;
				ENABLE_TESTABILITY = YES;
				GCC_C_LANGUAGE_STANDARD = gnu99;
				GCC_DYNAMIC_NO_PIC = NO;
				GCC_NO_COMMON_BLOCKS = YES;
				GCC_OPTIMIZATION_LEVEL = 0;
				GCC_PREPROCESSOR_DEFINITIONS = (
					"DEBUG=1",
					"$(inherited)",
				);
				GCC_WARN_64_TO_32_BIT_CONVERSION = YES;
				GCC_WARN_ABOUT_RETURN_TYPE = YES_ERROR;
				GCC_WARN_UNDECLARED_SELECTOR = YES;
				GCC_WARN_UNINITIALIZED_AUTOS = YES_AGGRESSIVE;
				GCC_WARN_UNUSED_FUNCTION = YES;
				GCC_WARN_UNUSED_VARIABLE = YES;
				IPHONEOS_DEPLOYMENT_TARGET = 10.1;
				MTL_ENABLE_DEBUG_INFO = YES;
				ONLY_ACTIVE_ARCH = YES;
				SDKROOT = iphoneos;
				SWIFT_ACTIVE_COMPILATION_CONDITIONS = DEBUG;
				SWIFT_OPTIMIZATION_LEVEL = "-Onone";
			};
			name = Debug;
		};
		864A9A9C1DD85D34000AA3AE /* Release */ = {
			isa = XCBuildConfiguration;
			buildSettings = {
				ALWAYS_SEARCH_USER_PATHS = NO;
				CLANG_ANALYZER_NONNULL = YES;
				CLANG_CXX_LANGUAGE_STANDARD = "gnu++0x";
				CLANG_CXX_LIBRARY = "libc++";
				CLANG_ENABLE_MODULES = YES;
				CLANG_ENABLE_OBJC_ARC = YES;
				CLANG_WARN_BOOL_CONVERSION = YES;
				CLANG_WARN_CONSTANT_CONVERSION = YES;
				CLANG_WARN_DIRECT_OBJC_ISA_USAGE = YES_ERROR;
				CLANG_WARN_DOCUMENTATION_COMMENTS = YES;
				CLANG_WARN_EMPTY_BODY = YES;
				CLANG_WARN_ENUM_CONVERSION = YES;
				CLANG_WARN_INFINITE_RECURSION = YES;
				CLANG_WARN_INT_CONVERSION = YES;
				CLANG_WARN_OBJC_ROOT_CLASS = YES_ERROR;
				CLANG_WARN_SUSPICIOUS_MOVES = YES;
				CLANG_WARN_UNREACHABLE_CODE = YES;
				CLANG_WARN__DUPLICATE_METHOD_MATCH = YES;
				"CODE_SIGN_IDENTITY[sdk=iphoneos*]" = "iPhone Developer";
				COPY_PHASE_STRIP = NO;
				DEBUG_INFORMATION_FORMAT = "dwarf-with-dsym";
				ENABLE_NS_ASSERTIONS = NO;
				ENABLE_STRICT_OBJC_MSGSEND = YES;
				GCC_C_LANGUAGE_STANDARD = gnu99;
				GCC_NO_COMMON_BLOCKS = YES;
				GCC_WARN_64_TO_32_BIT_CONVERSION = YES;
				GCC_WARN_ABOUT_RETURN_TYPE = YES_ERROR;
				GCC_WARN_UNDECLARED_SELECTOR = YES;
				GCC_WARN_UNINITIALIZED_AUTOS = YES_AGGRESSIVE;
				GCC_WARN_UNUSED_FUNCTION = YES;
				GCC_WARN_UNUSED_VARIABLE = YES;
				IPHONEOS_DEPLOYMENT_TARGET = 10.1;
				MTL_ENABLE_DEBUG_INFO = NO;
				SDKROOT = iphoneos;
				SWIFT_OPTIMIZATION_LEVEL = "-Owholemodule";
				VALIDATE_PRODUCT = YES;
			};
			name = Release;
		};
		864A9A9E1DD85D34000AA3AE /* Debug */ = {
			isa = XCBuildConfiguration;
			buildSettings = {
				ASSETCATALOG_COMPILER_APPICON_NAME = AppIcon;
				DEVELOPMENT_TEAM = T6R8R4PYP8;
				INFOPLIST_FILE = 006hw/Info.plist;
				LD_RUNPATH_SEARCH_PATHS = "$(inherited) @executable_path/Frameworks";
				PRODUCT_BUNDLE_IDENTIFIER = "com.debby.006hw.-06hw";
				PRODUCT_NAME = "$(TARGET_NAME)";
				SWIFT_VERSION = 3.0;
			};
			name = Debug;
		};
		864A9A9F1DD85D34000AA3AE /* Release */ = {
			isa = XCBuildConfiguration;
			buildSettings = {
				ASSETCATALOG_COMPILER_APPICON_NAME = AppIcon;
				DEVELOPMENT_TEAM = T6R8R4PYP8;
				INFOPLIST_FILE = 006hw/Info.plist;
				LD_RUNPATH_SEARCH_PATHS = "$(inherited) @executable_path/Frameworks";
				PRODUCT_BUNDLE_IDENTIFIER = "com.debby.006hw.-06hw";
				PRODUCT_NAME = "$(TARGET_NAME)";
				SWIFT_VERSION = 3.0;
			};
			name = Release;
		};
/* End XCBuildConfiguration section */

/* Begin XCConfigurationList section */
		864A9A861DD85D33000AA3AE /* Build configuration list for PBXProject "006hw" */ = {
			isa = XCConfigurationList;
			buildConfigurations = (
				864A9A9B1DD85D34000AA3AE /* Debug */,
				864A9A9C1DD85D34000AA3AE /* Release */,
			);
			defaultConfigurationIsVisible = 0;
			defaultConfigurationName = Release;
		};
		864A9A9D1DD85D34000AA3AE /* Build configuration list for PBXNativeTarget "006hw" */ = {
			isa = XCConfigurationList;
			buildConfigurations = (
				864A9A9E1DD85D34000AA3AE /* Debug */,
				864A9A9F1DD85D34000AA3AE /* Release */,
			);
			defaultConfigurationIsVisible = 0;
		};
/* End XCConfigurationList section */
	};
	rootObject = 864A9A831DD85D33000AA3AE /* Project object */;
}
